
Microsoft Visual Studio Solution File, Format Version 12.00
# Visual Studio Version 16
VisualStudioVersion = 16.0.31911.196
MinimumVisualStudioVersion = 10.0.40219.1
Project("{FAE04EC0-301F-11D3-BF4B-00C04F79EFBC}") = "MVVMsteps", "MVVMsteps\MVVMsteps.csproj", "{A692CA2E-8B00-4748-A6D7-6619C2F756B4}"
EndProject
Global
	GlobalSection(SolutionConfigurationPlatforms) = preSolution
		Debug|Any CPU = Debug|Any CPU
		Release|Any CPU = Release|Any CPU
	EndGlobalSection
	GlobalSection(ProjectConfigurationPlatforms) = postSolution
		{A692CA2E-8B00-4748-A6D7-6619C2F756B4}.Debug|Any CPU.ActiveCfg = Debug|Any CPU
		{A692CA2E-8B00-4748-A6D7-6619C2F756B4}.Debug|Any CPU.Build.0 = Debug|Any CPU
		{A692CA2E-8B00-4748-A6D7-6619C2F756B4}.Release|Any CPU.ActiveCfg = Release|Any CPU
		{A692CA2E-8B00-4748-A6D7-6619C2F756B4}.Release|Any CPU.Build.0 = Release|Any CPU
	EndGlobalSection
	GlobalSection(SolutionProperties) = preSolution
		HideSolutionNode = FALSE
	EndGlobalSection
	GlobalSection(ExtensibilityGlobals) = postSolution
		SolutionGuid = {B30D4D71-B682-423A-8911-1275559CC286}
	EndGlobalSection
EndGlobal
